
Microsoft Visual Studio Solution File, Format Version 12.00
# Visual Studio Version 16
VisualStudioVersion = 16.0.29613.14
MinimumVisualStudioVersion = 10.0.40219.1
Project("{9A19103F-16F7-4668-BE54-9A1E7A4F7556}") = "Campeonato.API", "Campeonato.API\Campeonato.API.csproj", "{EA38EAD5-2124-4FAB-9BB9-EA0D549FE46F}"
EndProject
Project("{9A19103F-16F7-4668-BE54-9A1E7A4F7556}") = "Campeonato.Domain", "Campeonato.Domain\Campeonato.Domain.csproj", "{6463F977-8F9A-4589-B4C8-A23F285CD6BA}"
EndProject
Project("{9A19103F-16F7-4668-BE54-9A1E7A4F7556}") = "Campeonato.Data", "Campeonato.Data\Campeonato.Data.csproj", "{5A3C6DC4-6F54-4D92-BA6A-AC8897447FFC}"
EndProject
Project("{9A19103F-16F7-4668-BE54-9A1E7A4F7556}") = "Campeonato.Infra", "Campeonato.Infra\Campeonato.Infra.csproj", "{872B6C25-230A-4332-A31E-FA50FBDD1485}"
EndProject
Project("{FAE04EC0-301F-11D3-BF4B-00C04F79EFBC}") = "Campeonato.Client", "Campeonato.Client\Campeonato.Client.csproj", "{E72F3DC4-8178-42A8-A519-30C05C093CBF}"
EndProject
Global
	GlobalSection(SolutionConfigurationPlatforms) = preSolution
		Debug|Any CPU = Debug|Any CPU
		Release|Any CPU = Release|Any CPU
	EndGlobalSection
	GlobalSection(ProjectConfigurationPlatforms) = postSolution
		{EA38EAD5-2124-4FAB-9BB9-EA0D549FE46F}.Debug|Any CPU.ActiveCfg = Debug|Any CPU
		{EA38EAD5-2124-4FAB-9BB9-EA0D549FE46F}.Debug|Any CPU.Build.0 = Debug|Any CPU
		{EA38EAD5-2124-4FAB-9BB9-EA0D549FE46F}.Release|Any CPU.ActiveCfg = Release|Any CPU
		{EA38EAD5-2124-4FAB-9BB9-EA0D549FE46F}.Release|Any CPU.Build.0 = Release|Any CPU
		{6463F977-8F9A-4589-B4C8-A23F285CD6BA}.Debug|Any CPU.ActiveCfg = Debug|Any CPU
		{6463F977-8F9A-4589-B4C8-A23F285CD6BA}.Debug|Any CPU.Build.0 = Debug|Any CPU
		{6463F977-8F9A-4589-B4C8-A23F285CD6BA}.Release|Any CPU.ActiveCfg = Release|Any CPU
		{6463F977-8F9A-4589-B4C8-A23F285CD6BA}.Release|Any CPU.Build.0 = Release|Any CPU
		{5A3C6DC4-6F54-4D92-BA6A-AC8897447FFC}.Debug|Any CPU.ActiveCfg = Debug|Any CPU
		{5A3C6DC4-6F54-4D92-BA6A-AC8897447FFC}.Debug|Any CPU.Build.0 = Debug|Any CPU
		{5A3C6DC4-6F54-4D92-BA6A-AC8897447FFC}.Release|Any CPU.ActiveCfg = Release|Any CPU
		{5A3C6DC4-6F54-4D92-BA6A-AC8897447FFC}.Release|Any CPU.Build.0 = Release|Any CPU
		{872B6C25-230A-4332-A31E-FA50FBDD1485}.Debug|Any CPU.ActiveCfg = Debug|Any CPU
		{872B6C25-230A-4332-A31E-FA50FBDD1485}.Debug|Any CPU.Build.0 = Debug|Any CPU
		{872B6C25-230A-4332-A31E-FA50FBDD1485}.Release|Any CPU.ActiveCfg = Release|Any CPU
		{872B6C25-230A-4332-A31E-FA50FBDD1485}.Release|Any CPU.Build.0 = Release|Any CPU
		{E72F3DC4-8178-42A8-A519-30C05C093CBF}.Debug|Any CPU.ActiveCfg = Debug|Any CPU
		{E72F3DC4-8178-42A8-A519-30C05C093CBF}.Debug|Any CPU.Build.0 = Debug|Any CPU
		{E72F3DC4-8178-42A8-A519-30C05C093CBF}.Release|Any CPU.ActiveCfg = Release|Any CPU
		{E72F3DC4-8178-42A8-A519-30C05C093CBF}.Release|Any CPU.Build.0 = Release|Any CPU
	EndGlobalSection
	GlobalSection(SolutionProperties) = preSolution
		HideSolutionNode = FALSE
	EndGlobalSection
	GlobalSection(ExtensibilityGlobals) = postSolution
		SolutionGuid = {CD39B703-AD36-461B-926F-F406D6884E1B}
	EndGlobalSection
EndGlobal
